
Microsoft Visual Studio Solution File, Format Version 12.00
# Visual Studio 15
VisualStudioVersion = 15.0.27703.2047
MinimumVisualStudioVersion = 10.0.40219.1
Project("{2150E333-8FDC-42A3-9474-1A3956D46DE8}") = "Foundation", "Foundation", "{1EBC889B-FFB8-4471-8206-CA491C3FC687}"
EndProject
Project("{2150E333-8FDC-42A3-9474-1A3956D46DE8}") = "Multisite", "Multisite", "{D3761C78-40E5-4833-BAC0-792CC37987E1}"
EndProject
Project("{FAE04EC0-301F-11D3-BF4B-00C04F79EFBC}") = "Claro.Foundation.Multisite", "src\Foundation\Multisite\code\Claro.Foundation.Multisite.csproj", "{8E7DC4A4-58A5-4C23-9F3F-AF2CB2BFDA6F}"
EndProject
Project("{2150E333-8FDC-42A3-9474-1A3956D46DE8}") = "Indexing", "Indexing", "{99ABF399-D56F-4B12-9FAA-E38D8E9A4975}"
EndProject
Project("{FAE04EC0-301F-11D3-BF4B-00C04F79EFBC}") = "Claro.Foundation.Indexing", "src\Foundation\Indexing\code\Claro.Foundation.Indexing.csproj", "{7C506762-35E1-499E-B6D9-ED49E433186C}"
EndProject
Project("{2150E333-8FDC-42A3-9474-1A3956D46DE8}") = "Feature", "Feature", "{B6B67613-A760-4326-81CF-F205722A4517}"
EndProject
Project("{2150E333-8FDC-42A3-9474-1A3956D46DE8}") = "Blog", "Blog", "{2812E20F-F564-4F7A-A829-014E44252AD8}"
EndProject
Project("{2150E333-8FDC-42A3-9474-1A3956D46DE8}") = "Teaser", "Teaser", "{145961A8-5E6F-45E2-BCF0-6935EAB1E8FD}"
EndProject
Project("{2150E333-8FDC-42A3-9474-1A3956D46DE8}") = "Social", "Social", "{D0A08068-ACD5-404E-A4FF-E632240E67AC}"
EndProject
Project("{2150E333-8FDC-42A3-9474-1A3956D46DE8}") = "Navigation", "Navigation", "{7D3AE7A0-6391-4DE6-872C-CF00273361B3}"
EndProject
Project("{2150E333-8FDC-42A3-9474-1A3956D46DE8}") = "Identity", "Identity", "{6A13169B-A88E-4E24-AE72-7E59E7FC58A3}"
EndProject
Project("{2150E333-8FDC-42A3-9474-1A3956D46DE8}") = "Project", "Project", "{8D1473D7-364D-4B3B-8354-2BBA475CA159}"
EndProject
Project("{2150E333-8FDC-42A3-9474-1A3956D46DE8}") = "Blog", "Blog", "{ACFD9B7C-2DD5-4554-B13B-6125C1FA0FF8}"
EndProject
Project("{FAE04EC0-301F-11D3-BF4B-00C04F79EFBC}") = "Claro.Blog.Web", "src\Project\Blog\code\Claro.Blog.Web.csproj", "{D0E8D37D-3F61-4D46-B92C-099DF11DAB82}"
EndProject
Project("{2150E333-8FDC-42A3-9474-1A3956D46DE8}") = "Common", "Common", "{23FCD56F-C35F-4ABA-ADF4-C309F18E2C18}"
EndProject
Project("{FAE04EC0-301F-11D3-BF4B-00C04F79EFBC}") = "Claro.Common.Web", "src\Project\Common\code\Claro.Common.Web.csproj", "{3719172D-0F02-4C5B-B9EC-DEBE34A04DD6}"
EndProject
Project("{2150E333-8FDC-42A3-9474-1A3956D46DE8}") = "Configuration", "Configuration", "{D94C33D4-48F3-4897-9116-F786E8092CEE}"
	ProjectSection(SolutionItems) = preProject
		NuGet.config = NuGet.config
	EndProjectSection
EndProject
Project("{2150E333-8FDC-42A3-9474-1A3956D46DE8}") = "DI", "DI", "{6BCCAB3B-2BAE-4CCD-B95F-A6CC3E26DEE2}"
EndProject
Project("{FAE04EC0-301F-11D3-BF4B-00C04F79EFBC}") = "Claro.Foundation.DI", "src\Foundation\DI\code\Claro.Foundation.DI.csproj", "{2387F325-2FDC-4943-8265-78C9F1D82AC9}"
EndProject
Project("{2150E333-8FDC-42A3-9474-1A3956D46DE8}") = "Core", "Core", "{3C3019DF-4201-4F0A-87E1-BB23A5EB4944}"
EndProject
Project("{FAE04EC0-301F-11D3-BF4B-00C04F79EFBC}") = "Claro.Foundation.Core", "src\Foundation\Core\code\Claro.Foundation.Core.csproj", "{E4CAEAF0-5C40-4748-8878-79AF9B3C767F}"
EndProject
Project("{2150E333-8FDC-42A3-9474-1A3956D46DE8}") = "ORM", "ORM", "{E1B9B2D4-6B1B-4525-8D4A-D2B7B257B117}"
EndProject
Project("{FAE04EC0-301F-11D3-BF4B-00C04F79EFBC}") = "Claro.Foundation.ORM", "src\Foundation\ORM\code\Claro.Foundation.ORM.csproj", "{D4607E53-0F4C-4CF3-B6F7-126E249F959F}"
EndProject
Project("{2150E333-8FDC-42A3-9474-1A3956D46DE8}") = "Serialization", "Serialization", "{B13437AA-DF33-42E6-98CB-F93864BFDCE4}"
EndProject
Project("{FAE04EC0-301F-11D3-BF4B-00C04F79EFBC}") = "Claro.Foundation.Serialization", "src\Foundation\Serialization\code\Claro.Foundation.Serialization.csproj", "{85F66B57-9A80-4B69-9FE9-75F94A1CF422}"
EndProject
Project("{2150E333-8FDC-42A3-9474-1A3956D46DE8}") = "Dictionary", "Dictionary", "{21207D16-ABF0-49D6-AD9F-B76D25C84F8E}"
EndProject
Project("{FAE04EC0-301F-11D3-BF4B-00C04F79EFBC}") = "Claro.Feature.Teaser", "src\Feature\Teaser\code\Claro.Feature.Teaser.csproj", "{AC23F52A-3A79-4E7A-89D1-BE29EB75B64A}"
EndProject
Project("{FAE04EC0-301F-11D3-BF4B-00C04F79EFBC}") = "Claro.Feature.Identity", "src\Feature\Identity\code\Claro.Feature.Identity.csproj", "{884C7BA2-50FF-40AF-A080-196D459892F7}"
EndProject
Project("{FAE04EC0-301F-11D3-BF4B-00C04F79EFBC}") = "Claro.Feature.Navigation", "src\Feature\Navigation\code\Claro.Feature.Navigation.csproj", "{C6BDC1C6-B166-4E03-A219-8946E2D35056}"
EndProject
Project("{FAE04EC0-301F-11D3-BF4B-00C04F79EFBC}") = "Claro.Feature.Blog", "src\Feature\Blog\code\Claro.Feature.Blog.csproj", "{5A3CFA39-08F9-4D6E-830E-99CA8A169998}"
EndProject
Project("{2150E333-8FDC-42A3-9474-1A3956D46DE8}") = "Subscribe", "Subscribe", "{A66A0684-269E-4201-825F-376E6C96B8A5}"
EndProject
Project("{FAE04EC0-301F-11D3-BF4B-00C04F79EFBC}") = "Claro.Feature.Subscribe", "src\Feature\Subscribe\code\Claro.Feature.Subscribe.csproj", "{C9ACCCED-733C-41B2-ACC2-5193A04758F5}"
EndProject
Project("{FAE04EC0-301F-11D3-BF4B-00C04F79EFBC}") = "Claro.Foundation.Dictionary", "src\Foundation\Dictionary\code\Claro.Foundation.Dictionary.csproj", "{B0EBC269-8E56-41BC-861F-955C4B3064C5}"
EndProject
Project("{2150E333-8FDC-42A3-9474-1A3956D46DE8}") = "Content", "Content", "{AC7D7DCA-4848-44BE-AFF8-43029451EC8C}"
EndProject
Project("{FAE04EC0-301F-11D3-BF4B-00C04F79EFBC}") = "Claro.Foundation.Content", "src\Foundation\Content\code\Claro.Foundation.Content.csproj", "{978E9B31-77D4-4F99-8146-7772996EBBAF}"
EndProject
Project("{2150E333-8FDC-42A3-9474-1A3956D46DE8}") = "Extension", "Extension", "{1103BDFD-4C21-44FA-82A0-4B197C6716EB}"
EndProject
Project("{FAE04EC0-301F-11D3-BF4B-00C04F79EFBC}") = "Claro.Foundation.Extension", "src\Foundation\Extension\code\Claro.Foundation.Extension.csproj", "{48AD150B-3788-49A2-B6A5-35882A74ECC7}"
EndProject
Project("{FAE04EC0-301F-11D3-BF4B-00C04F79EFBC}") = "Claro.Feature.Social", "src\Feature\Social\code\Claro.Feature.Social.csproj", "{12E27804-683C-40F1-A1C9-44C6FA760044}"
EndProject
Project("{2150E333-8FDC-42A3-9474-1A3956D46DE8}") = "Settings", "Settings", "{37DD6328-2BFB-4C3C-9160-D6314E41C001}"
EndProject
Project("{FAE04EC0-301F-11D3-BF4B-00C04F79EFBC}") = "Claro.Foundation.Settings", "src\Foundation\Settings\code\Claro.Foundation.Settings.csproj", "{9ACB5459-BE10-4716-9AAC-10C8A4005C15}"
EndProject
Project("{2150E333-8FDC-42A3-9474-1A3956D46DE8}") = "Control", "Control", "{9CFFA09E-4C83-4857-ACEE-5B97DF1EA249}"
EndProject
Project("{FAE04EC0-301F-11D3-BF4B-00C04F79EFBC}") = "Claro.Foundation.Control", "src\Foundation\Control\code\Claro.Foundation.Control.csproj", "{B92A1DC3-5BC2-4CF5-B71C-DD726592B058}"
EndProject
Project("{2150E333-8FDC-42A3-9474-1A3956D46DE8}") = "Assets", "Assets", "{7D352984-4D95-42F9-BE55-A42D9F04A592}"
EndProject
Project("{FAE04EC0-301F-11D3-BF4B-00C04F79EFBC}") = "Claro.Foundation.Assets", "src\Foundation\Assets\code\Claro.Foundation.Assets.csproj", "{A98D944B-6577-4E70-804F-212E75689874}"
EndProject
Project("{2150E333-8FDC-42A3-9474-1A3956D46DE8}") = "Testing", "Testing", "{FA2D9721-76BF-4C32-9E9E-4177FB353DED}"
EndProject
Project("{FAE04EC0-301F-11D3-BF4B-00C04F79EFBC}") = "Claro.Foundation.Testing", "src\Foundation\Testing\tests\Claro.Foundation.Testing.csproj", "{5EB2824F-96CA-40D7-AF3F-1E0F32F5D154}"
EndProject
Project("{FAE04EC0-301F-11D3-BF4B-00C04F79EFBC}") = "Claro.Foundation.Dictionary.Tests", "src\Foundation\Dictionary\Tests\Claro.Foundation.Dictionary.Tests.csproj", "{782553F2-424A-483C-8243-BB2DE1DACCE1}"
EndProject
Project("{FAE04EC0-301F-11D3-BF4B-00C04F79EFBC}") = "Claro.Foundation.Content.Tests", "src\Foundation\Control\Tests\Claro.Foundation.Content.Tests.csproj", "{63B437C8-04FE-4FF8-9B94-2A4B3EE14AEA}"
EndProject
Project("{FAE04EC0-301F-11D3-BF4B-00C04F79EFBC}") = "Claro.Feature.Blog.Tests", "src\Feature\Blog\Tests\Claro.Feature.Blog.Tests.csproj", "{DBC80DA0-982C-4803-986D-851A871856D1}"
EndProject
Global
	GlobalSection(SolutionConfigurationPlatforms) = preSolution
		Debug|Any CPU = Debug|Any CPU
		Release|Any CPU = Release|Any CPU
	EndGlobalSection
	GlobalSection(ProjectConfigurationPlatforms) = postSolution
		{8E7DC4A4-58A5-4C23-9F3F-AF2CB2BFDA6F}.Debug|Any CPU.ActiveCfg = Debug|Any CPU
		{8E7DC4A4-58A5-4C23-9F3F-AF2CB2BFDA6F}.Debug|Any CPU.Build.0 = Debug|Any CPU
		{8E7DC4A4-58A5-4C23-9F3F-AF2CB2BFDA6F}.Release|Any CPU.ActiveCfg = Release|Any CPU
		{8E7DC4A4-58A5-4C23-9F3F-AF2CB2BFDA6F}.Release|Any CPU.Build.0 = Release|Any CPU
		{7C506762-35E1-499E-B6D9-ED49E433186C}.Debug|Any CPU.ActiveCfg = Debug|Any CPU
		{7C506762-35E1-499E-B6D9-ED49E433186C}.Debug|Any CPU.Build.0 = Debug|Any CPU
		{7C506762-35E1-499E-B6D9-ED49E433186C}.Release|Any CPU.ActiveCfg = Release|Any CPU
		{7C506762-35E1-499E-B6D9-ED49E433186C}.Release|Any CPU.Build.0 = Release|Any CPU
		{D0E8D37D-3F61-4D46-B92C-099DF11DAB82}.Debug|Any CPU.ActiveCfg = Debug|Any CPU
		{D0E8D37D-3F61-4D46-B92C-099DF11DAB82}.Debug|Any CPU.Build.0 = Debug|Any CPU
		{D0E8D37D-3F61-4D46-B92C-099DF11DAB82}.Release|Any CPU.ActiveCfg = Release|Any CPU
		{D0E8D37D-3F61-4D46-B92C-099DF11DAB82}.Release|Any CPU.Build.0 = Release|Any CPU
		{3719172D-0F02-4C5B-B9EC-DEBE34A04DD6}.Debug|Any CPU.ActiveCfg = Debug|Any CPU
		{3719172D-0F02-4C5B-B9EC-DEBE34A04DD6}.Debug|Any CPU.Build.0 = Debug|Any CPU
		{3719172D-0F02-4C5B-B9EC-DEBE34A04DD6}.Release|Any CPU.ActiveCfg = Release|Any CPU
		{3719172D-0F02-4C5B-B9EC-DEBE34A04DD6}.Release|Any CPU.Build.0 = Release|Any CPU
		{2387F325-2FDC-4943-8265-78C9F1D82AC9}.Debug|Any CPU.ActiveCfg = Debug|Any CPU
		{2387F325-2FDC-4943-8265-78C9F1D82AC9}.Debug|Any CPU.Build.0 = Debug|Any CPU
		{2387F325-2FDC-4943-8265-78C9F1D82AC9}.Release|Any CPU.ActiveCfg = Release|Any CPU
		{2387F325-2FDC-4943-8265-78C9F1D82AC9}.Release|Any CPU.Build.0 = Release|Any CPU
		{E4CAEAF0-5C40-4748-8878-79AF9B3C767F}.Debug|Any CPU.ActiveCfg = Debug|Any CPU
		{E4CAEAF0-5C40-4748-8878-79AF9B3C767F}.Debug|Any CPU.Build.0 = Debug|Any CPU
		{E4CAEAF0-5C40-4748-8878-79AF9B3C767F}.Release|Any CPU.ActiveCfg = Release|Any CPU
		{E4CAEAF0-5C40-4748-8878-79AF9B3C767F}.Release|Any CPU.Build.0 = Release|Any CPU
		{D4607E53-0F4C-4CF3-B6F7-126E249F959F}.Debug|Any CPU.ActiveCfg = Debug|Any CPU
		{D4607E53-0F4C-4CF3-B6F7-126E249F959F}.Debug|Any CPU.Build.0 = Debug|Any CPU
		{D4607E53-0F4C-4CF3-B6F7-126E249F959F}.Release|Any CPU.ActiveCfg = Release|Any CPU
		{D4607E53-0F4C-4CF3-B6F7-126E249F959F}.Release|Any CPU.Build.0 = Release|Any CPU
		{85F66B57-9A80-4B69-9FE9-75F94A1CF422}.Debug|Any CPU.ActiveCfg = Debug|Any CPU
		{85F66B57-9A80-4B69-9FE9-75F94A1CF422}.Debug|Any CPU.Build.0 = Debug|Any CPU
		{85F66B57-9A80-4B69-9FE9-75F94A1CF422}.Release|Any CPU.ActiveCfg = Release|Any CPU
		{85F66B57-9A80-4B69-9FE9-75F94A1CF422}.Release|Any CPU.Build.0 = Release|Any CPU
		{AC23F52A-3A79-4E7A-89D1-BE29EB75B64A}.Debug|Any CPU.ActiveCfg = Debug|Any CPU
		{AC23F52A-3A79-4E7A-89D1-BE29EB75B64A}.Debug|Any CPU.Build.0 = Debug|Any CPU
		{AC23F52A-3A79-4E7A-89D1-BE29EB75B64A}.Release|Any CPU.ActiveCfg = Release|Any CPU
		{AC23F52A-3A79-4E7A-89D1-BE29EB75B64A}.Release|Any CPU.Build.0 = Release|Any CPU
		{884C7BA2-50FF-40AF-A080-196D459892F7}.Debug|Any CPU.ActiveCfg = Debug|Any CPU
		{884C7BA2-50FF-40AF-A080-196D459892F7}.Debug|Any CPU.Build.0 = Debug|Any CPU
		{884C7BA2-50FF-40AF-A080-196D459892F7}.Release|Any CPU.ActiveCfg = Release|Any CPU
		{884C7BA2-50FF-40AF-A080-196D459892F7}.Release|Any CPU.Build.0 = Release|Any CPU
		{C6BDC1C6-B166-4E03-A219-8946E2D35056}.Debug|Any CPU.ActiveCfg = Debug|Any CPU
		{C6BDC1C6-B166-4E03-A219-8946E2D35056}.Debug|Any CPU.Build.0 = Debug|Any CPU
		{C6BDC1C6-B166-4E03-A219-8946E2D35056}.Release|Any CPU.ActiveCfg = Release|Any CPU
		{C6BDC1C6-B166-4E03-A219-8946E2D35056}.Release|Any CPU.Build.0 = Release|Any CPU
		{5A3CFA39-08F9-4D6E-830E-99CA8A169998}.Debug|Any CPU.ActiveCfg = Debug|Any CPU
		{5A3CFA39-08F9-4D6E-830E-99CA8A169998}.Debug|Any CPU.Build.0 = Debug|Any CPU
		{5A3CFA39-08F9-4D6E-830E-99CA8A169998}.Release|Any CPU.ActiveCfg = Release|Any CPU
		{5A3CFA39-08F9-4D6E-830E-99CA8A169998}.Release|Any CPU.Build.0 = Release|Any CPU
		{C9ACCCED-733C-41B2-ACC2-5193A04758F5}.Debug|Any CPU.ActiveCfg = Debug|Any CPU
		{C9ACCCED-733C-41B2-ACC2-5193A04758F5}.Debug|Any CPU.Build.0 = Debug|Any CPU
		{C9ACCCED-733C-41B2-ACC2-5193A04758F5}.Release|Any CPU.ActiveCfg = Release|Any CPU
		{C9ACCCED-733C-41B2-ACC2-5193A04758F5}.Release|Any CPU.Build.0 = Release|Any CPU
		{B0EBC269-8E56-41BC-861F-955C4B3064C5}.Debug|Any CPU.ActiveCfg = Debug|Any CPU
		{B0EBC269-8E56-41BC-861F-955C4B3064C5}.Debug|Any CPU.Build.0 = Debug|Any CPU
		{B0EBC269-8E56-41BC-861F-955C4B3064C5}.Release|Any CPU.ActiveCfg = Release|Any CPU
		{B0EBC269-8E56-41BC-861F-955C4B3064C5}.Release|Any CPU.Build.0 = Release|Any CPU
		{978E9B31-77D4-4F99-8146-7772996EBBAF}.Debug|Any CPU.ActiveCfg = Debug|Any CPU
		{978E9B31-77D4-4F99-8146-7772996EBBAF}.Debug|Any CPU.Build.0 = Debug|Any CPU
		{978E9B31-77D4-4F99-8146-7772996EBBAF}.Release|Any CPU.ActiveCfg = Release|Any CPU
		{978E9B31-77D4-4F99-8146-7772996EBBAF}.Release|Any CPU.Build.0 = Release|Any CPU
		{48AD150B-3788-49A2-B6A5-35882A74ECC7}.Debug|Any CPU.ActiveCfg = Debug|Any CPU
		{48AD150B-3788-49A2-B6A5-35882A74ECC7}.Debug|Any CPU.Build.0 = Debug|Any CPU
		{48AD150B-3788-49A2-B6A5-35882A74ECC7}.Release|Any CPU.ActiveCfg = Release|Any CPU
		{48AD150B-3788-49A2-B6A5-35882A74ECC7}.Release|Any CPU.Build.0 = Release|Any CPU
		{12E27804-683C-40F1-A1C9-44C6FA760044}.Debug|Any CPU.ActiveCfg = Debug|Any CPU
		{12E27804-683C-40F1-A1C9-44C6FA760044}.Debug|Any CPU.Build.0 = Debug|Any CPU
		{12E27804-683C-40F1-A1C9-44C6FA760044}.Release|Any CPU.ActiveCfg = Release|Any CPU
		{12E27804-683C-40F1-A1C9-44C6FA760044}.Release|Any CPU.Build.0 = Release|Any CPU
		{9ACB5459-BE10-4716-9AAC-10C8A4005C15}.Debug|Any CPU.ActiveCfg = Debug|Any CPU
		{9ACB5459-BE10-4716-9AAC-10C8A4005C15}.Debug|Any CPU.Build.0 = Debug|Any CPU
		{9ACB5459-BE10-4716-9AAC-10C8A4005C15}.Release|Any CPU.ActiveCfg = Release|Any CPU
		{9ACB5459-BE10-4716-9AAC-10C8A4005C15}.Release|Any CPU.Build.0 = Release|Any CPU
		{B92A1DC3-5BC2-4CF5-B71C-DD726592B058}.Debug|Any CPU.ActiveCfg = Debug|Any CPU
		{B92A1DC3-5BC2-4CF5-B71C-DD726592B058}.Debug|Any CPU.Build.0 = Debug|Any CPU
		{B92A1DC3-5BC2-4CF5-B71C-DD726592B058}.Release|Any CPU.ActiveCfg = Release|Any CPU
		{B92A1DC3-5BC2-4CF5-B71C-DD726592B058}.Release|Any CPU.Build.0 = Release|Any CPU
		{A98D944B-6577-4E70-804F-212E75689874}.Debug|Any CPU.ActiveCfg = Debug|Any CPU
		{A98D944B-6577-4E70-804F-212E75689874}.Debug|Any CPU.Build.0 = Debug|Any CPU
		{A98D944B-6577-4E70-804F-212E75689874}.Release|Any CPU.ActiveCfg = Release|Any CPU
		{A98D944B-6577-4E70-804F-212E75689874}.Release|Any CPU.Build.0 = Release|Any CPU
		{5EB2824F-96CA-40D7-AF3F-1E0F32F5D154}.Debug|Any CPU.ActiveCfg = Debug|Any CPU
		{5EB2824F-96CA-40D7-AF3F-1E0F32F5D154}.Debug|Any CPU.Build.0 = Debug|Any CPU
		{5EB2824F-96CA-40D7-AF3F-1E0F32F5D154}.Release|Any CPU.ActiveCfg = Release|Any CPU
		{5EB2824F-96CA-40D7-AF3F-1E0F32F5D154}.Release|Any CPU.Build.0 = Release|Any CPU
		{782553F2-424A-483C-8243-BB2DE1DACCE1}.Debug|Any CPU.ActiveCfg = Debug|Any CPU
		{782553F2-424A-483C-8243-BB2DE1DACCE1}.Debug|Any CPU.Build.0 = Debug|Any CPU
		{782553F2-424A-483C-8243-BB2DE1DACCE1}.Release|Any CPU.ActiveCfg = Release|Any CPU
		{782553F2-424A-483C-8243-BB2DE1DACCE1}.Release|Any CPU.Build.0 = Release|Any CPU
		{63B437C8-04FE-4FF8-9B94-2A4B3EE14AEA}.Debug|Any CPU.ActiveCfg = Debug|Any CPU
		{63B437C8-04FE-4FF8-9B94-2A4B3EE14AEA}.Debug|Any CPU.Build.0 = Debug|Any CPU
		{63B437C8-04FE-4FF8-9B94-2A4B3EE14AEA}.Release|Any CPU.ActiveCfg = Release|Any CPU
		{63B437C8-04FE-4FF8-9B94-2A4B3EE14AEA}.Release|Any CPU.Build.0 = Release|Any CPU
		{DBC80DA0-982C-4803-986D-851A871856D1}.Debug|Any CPU.ActiveCfg = Debug|Any CPU
		{DBC80DA0-982C-4803-986D-851A871856D1}.Debug|Any CPU.Build.0 = Debug|Any CPU
		{DBC80DA0-982C-4803-986D-851A871856D1}.Release|Any CPU.ActiveCfg = Release|Any CPU
		{DBC80DA0-982C-4803-986D-851A871856D1}.Release|Any CPU.Build.0 = Release|Any CPU
	EndGlobalSection
	GlobalSection(SolutionProperties) = preSolution
		HideSolutionNode = FALSE
	EndGlobalSection
	GlobalSection(NestedProjects) = preSolution
		{D3761C78-40E5-4833-BAC0-792CC37987E1} = {1EBC889B-FFB8-4471-8206-CA491C3FC687}
		{8E7DC4A4-58A5-4C23-9F3F-AF2CB2BFDA6F} = {D3761C78-40E5-4833-BAC0-792CC37987E1}
		{99ABF399-D56F-4B12-9FAA-E38D8E9A4975} = {1EBC889B-FFB8-4471-8206-CA491C3FC687}
		{7C506762-35E1-499E-B6D9-ED49E433186C} = {99ABF399-D56F-4B12-9FAA-E38D8E9A4975}
		{2812E20F-F564-4F7A-A829-014E44252AD8} = {B6B67613-A760-4326-81CF-F205722A4517}
		{145961A8-5E6F-45E2-BCF0-6935EAB1E8FD} = {B6B67613-A760-4326-81CF-F205722A4517}
		{D0A08068-ACD5-404E-A4FF-E632240E67AC} = {B6B67613-A760-4326-81CF-F205722A4517}
		{7D3AE7A0-6391-4DE6-872C-CF00273361B3} = {B6B67613-A760-4326-81CF-F205722A4517}
		{6A13169B-A88E-4E24-AE72-7E59E7FC58A3} = {B6B67613-A760-4326-81CF-F205722A4517}
		{ACFD9B7C-2DD5-4554-B13B-6125C1FA0FF8} = {8D1473D7-364D-4B3B-8354-2BBA475CA159}
		{D0E8D37D-3F61-4D46-B92C-099DF11DAB82} = {ACFD9B7C-2DD5-4554-B13B-6125C1FA0FF8}
		{23FCD56F-C35F-4ABA-ADF4-C309F18E2C18} = {8D1473D7-364D-4B3B-8354-2BBA475CA159}
		{3719172D-0F02-4C5B-B9EC-DEBE34A04DD6} = {23FCD56F-C35F-4ABA-ADF4-C309F18E2C18}
		{6BCCAB3B-2BAE-4CCD-B95F-A6CC3E26DEE2} = {1EBC889B-FFB8-4471-8206-CA491C3FC687}
		{2387F325-2FDC-4943-8265-78C9F1D82AC9} = {6BCCAB3B-2BAE-4CCD-B95F-A6CC3E26DEE2}
		{3C3019DF-4201-4F0A-87E1-BB23A5EB4944} = {1EBC889B-FFB8-4471-8206-CA491C3FC687}
		{E4CAEAF0-5C40-4748-8878-79AF9B3C767F} = {3C3019DF-4201-4F0A-87E1-BB23A5EB4944}
		{E1B9B2D4-6B1B-4525-8D4A-D2B7B257B117} = {1EBC889B-FFB8-4471-8206-CA491C3FC687}
		{D4607E53-0F4C-4CF3-B6F7-126E249F959F} = {E1B9B2D4-6B1B-4525-8D4A-D2B7B257B117}
		{B13437AA-DF33-42E6-98CB-F93864BFDCE4} = {1EBC889B-FFB8-4471-8206-CA491C3FC687}
		{85F66B57-9A80-4B69-9FE9-75F94A1CF422} = {B13437AA-DF33-42E6-98CB-F93864BFDCE4}
		{21207D16-ABF0-49D6-AD9F-B76D25C84F8E} = {1EBC889B-FFB8-4471-8206-CA491C3FC687}
		{AC23F52A-3A79-4E7A-89D1-BE29EB75B64A} = {145961A8-5E6F-45E2-BCF0-6935EAB1E8FD}
		{884C7BA2-50FF-40AF-A080-196D459892F7} = {6A13169B-A88E-4E24-AE72-7E59E7FC58A3}
		{C6BDC1C6-B166-4E03-A219-8946E2D35056} = {7D3AE7A0-6391-4DE6-872C-CF00273361B3}
		{5A3CFA39-08F9-4D6E-830E-99CA8A169998} = {2812E20F-F564-4F7A-A829-014E44252AD8}
		{A66A0684-269E-4201-825F-376E6C96B8A5} = {B6B67613-A760-4326-81CF-F205722A4517}
		{C9ACCCED-733C-41B2-ACC2-5193A04758F5} = {A66A0684-269E-4201-825F-376E6C96B8A5}
		{B0EBC269-8E56-41BC-861F-955C4B3064C5} = {21207D16-ABF0-49D6-AD9F-B76D25C84F8E}
		{AC7D7DCA-4848-44BE-AFF8-43029451EC8C} = {1EBC889B-FFB8-4471-8206-CA491C3FC687}
		{978E9B31-77D4-4F99-8146-7772996EBBAF} = {AC7D7DCA-4848-44BE-AFF8-43029451EC8C}
		{1103BDFD-4C21-44FA-82A0-4B197C6716EB} = {1EBC889B-FFB8-4471-8206-CA491C3FC687}
		{48AD150B-3788-49A2-B6A5-35882A74ECC7} = {1103BDFD-4C21-44FA-82A0-4B197C6716EB}
		{12E27804-683C-40F1-A1C9-44C6FA760044} = {D0A08068-ACD5-404E-A4FF-E632240E67AC}
		{37DD6328-2BFB-4C3C-9160-D6314E41C001} = {1EBC889B-FFB8-4471-8206-CA491C3FC687}
		{9ACB5459-BE10-4716-9AAC-10C8A4005C15} = {37DD6328-2BFB-4C3C-9160-D6314E41C001}
		{9CFFA09E-4C83-4857-ACEE-5B97DF1EA249} = {1EBC889B-FFB8-4471-8206-CA491C3FC687}
		{B92A1DC3-5BC2-4CF5-B71C-DD726592B058} = {9CFFA09E-4C83-4857-ACEE-5B97DF1EA249}
		{7D352984-4D95-42F9-BE55-A42D9F04A592} = {1EBC889B-FFB8-4471-8206-CA491C3FC687}
		{A98D944B-6577-4E70-804F-212E75689874} = {7D352984-4D95-42F9-BE55-A42D9F04A592}
		{FA2D9721-76BF-4C32-9E9E-4177FB353DED} = {1EBC889B-FFB8-4471-8206-CA491C3FC687}
		{5EB2824F-96CA-40D7-AF3F-1E0F32F5D154} = {FA2D9721-76BF-4C32-9E9E-4177FB353DED}
		{782553F2-424A-483C-8243-BB2DE1DACCE1} = {21207D16-ABF0-49D6-AD9F-B76D25C84F8E}
		{63B437C8-04FE-4FF8-9B94-2A4B3EE14AEA} = {AC7D7DCA-4848-44BE-AFF8-43029451EC8C}
		{DBC80DA0-982C-4803-986D-851A871856D1} = {2812E20F-F564-4F7A-A829-014E44252AD8}
	EndGlobalSection
	GlobalSection(ExtensibilityGlobals) = postSolution
		SolutionGuid = {7B395D77-18C3-4A2A-8E03-85DC8F0240FA}
		EnterpriseLibraryConfigurationToolBinariesPathV6 = packages\EnterpriseLibrary.Common.6.0.1304.0\lib\NET45;packages\EnterpriseLibrary.TransientFaultHandling.6.0.1304.0\lib\portable-net45+win+wp8;packages\EnterpriseLibrary.TransientFaultHandling.Caching.6.0.1304.0\lib\NET45;packages\EnterpriseLibrary.TransientFaultHandling.Data.6.0.1304.1\lib\NET45;packages\EnterpriseLibrary.TransientFaultHandling.ServiceBus.6.0.1304.0\lib\NET45;packages\EnterpriseLibrary.TransientFaultHandling.WindowsAzure.Storage.6.0.1304.0\lib\NET45;packages\EnterpriseLibrary.TransientFaultHandling.Configuration.6.0.1304.0\lib\NET45
	EndGlobalSection
EndGlobal
